<?xml version="1.0" encoding="utf-8"?>
<Project ToolsVersion="4.0" xmlns="http://schemas.microsoft.com/developer/msbuild/2003">
  <ItemGroup>
    <Filter Include="Source Files">
      <UniqueIdentifier>{4FC737F1-C7A5-4376-A066-2A32D752A2FF}</UniqueIdentifier>
      <Extensions>cpp;c;cc;cxx;c++;cppm;ixx;def;odl;idl;hpj;bat;asm;asmx</Extensions>
    </Filter>
    <Filter Include="Header Files">
      <UniqueIdentifier>{93995380-89BD-4b04-88EB-625FBE52EBFB}</UniqueIdentifier>
      <Extensions>h;hh;hpp;hxx;h++;hm;inl;inc;ipp;xsd</Extensions>
    </Filter>
    <Filter Include="Resource Files">
      <UniqueIdentifier>{67DA6AB6-F800-4c08-8B7A-83BB121AAD01}</UniqueIdentifier>
      <Extensions>rc;ico;cur;bmp;dlg;rc2;rct;bin;rgs;gif;jpg;jpeg;jpe;resx;tiff;tif;png;wav;mfcribbon-ms</Extensions>
    </Filter>
  </ItemGroup>
  <ItemGroup>
    <None Include="packages.config" />
  </ItemGroup>
  <ItemGroup>
    <ClCompile Include="Feature_Detection1\logging\ConsoleAppender.cpp">
      <Filter>Source Files</Filter>
    </ClCompile>
    <ClCompile Include="Feature_Detection1\logging\FileAppender.cpp">
      <Filter>Source Files</Filter>
    </ClCompile>
    <ClCompile Include="Feature_Detection1\logging\Logger.cpp">
      <Filter>Source Files</Filter>
    </ClCompile>
    <ClCompile Include="Feature_Detection1\logging\LoggerFactory.cpp">
      <Filter>Source Files</Filter>
    </ClCompile>
    <ClCompile Include="Feature_Detection1\Render\Camera.cpp">
      <Filter>Source Files</Filter>
    </ClCompile>
    <ClCompile Include="Feature_Detection1\Render\MatrixUtils.cpp">
      <Filter>Source Files</Filter>
    </ClCompile>
    <ClCompile Include="Feature_Detection1\Render\Mesh.cpp">
      <Filter>Source Files</Filter>
    </ClCompile>
    <ClCompile Include="Feature_Detection1\Render\MeshUtil.cpp">
      <Filter>Source Files</Filter>
    </ClCompile>
    <ClCompile Include="Feature_Detection1\Render\QopenGlRender.cpp">
      <Filter>Source Files</Filter>
    </ClCompile>
    <ClCompile Include="Feature_Detection1\Render\SoftwareRenderer.cpp">
      <Filter>Source Files</Filter>
    </ClCompile>
    <ClCompile Include="Feature_Detection1\Render\Texture.cpp">
      <Filter>Source Files</Filter>
    </ClCompile>
    <ClCompile Include="Feature_Detection1\Render\Triangle.cpp">
      <Filter>Source Files</Filter>
    </ClCompile>
    <ClCompile Include="Feature_Detection1\Render\Utils.cpp">
      <Filter>Source Files</Filter>
    </ClCompile>
    <ClCompile Include="Feature_Detection1\Render\Vertex.cpp">
      <Filter>Source Files</Filter>
    </ClCompile>
    <ClCompile Include="Feature_Detection1\Classification\AgeBasedExampleManagement.cpp">
      <Filter>Source Files</Filter>
    </ClCompile>
    <ClCompile Include="Feature_Detection1\Classification\ConfidenceBasedExampleManagement.cpp">
      <Filter>Source Files</Filter>
    </ClCompile>
    <ClCompile Include="Feature_Detection1\Classification\FrameBasedExampleManagement.cpp">
      <Filter>Source Files</Filter>
    </ClCompile>
    <ClCompile Include="Feature_Detection1\Classification\IImg.cpp">
      <Filter>Source Files</Filter>
    </ClCompile>
    <ClCompile Include="Feature_Detection1\Classification\RvmProbabilisticClassifier.cpp">
      <Filter>Source Files</Filter>
    </ClCompile>
    <ClCompile Include="Feature_Detection1\Classification\SvmClassifier.cpp">
      <Filter>Source Files</Filter>
    </ClCompile>
    <ClCompile Include="Feature_Detection1\Classification\VectorMachineClassifier.cpp">
      <Filter>Source Files</Filter>
    </ClCompile>
    <ClCompile Include="Feature_Detection1\Classification\RvmClassifier.cpp">
      <Filter>Source Files</Filter>
    </ClCompile>
    <ClCompile Include="Feature_Detection1\Classification\TrainableSvmClassifier.cpp">
      <Filter>Source Files</Filter>
    </ClCompile>
    <ClCompile Include="Feature_Detection1\Classification\UnlimitedExampleManagement.cpp">
      <Filter>Source Files</Filter>
    </ClCompile>
    <ClCompile Include="Feature_Detection1\Classification\VectorbasedExampleManagement.cpp">
      <Filter>Source Files</Filter>
    </ClCompile>
    <ClCompile Include="Feature_Detection1\Classification\TrainableProbabilisticSvmClassifier.cpp">
      <Filter>Source Files</Filter>
    </ClCompile>
    <ClCompile Include="Feature_Detection1\Classification\ProbabilisticSvmClassifier.cpp">
      <Filter>Source Files</Filter>
    </ClCompile>
    <ClCompile Include="Feature_Detection1\Classification\ProbabilisticTwoStageClassifier.cpp">
      <Filter>Source Files</Filter>
    </ClCompile>
    <ClCompile Include="Feature_Detection1\Classification\WvmClassifier.cpp">
      <Filter>Source Files</Filter>
    </ClCompile>
    <ClCompile Include="Feature_Detection1\Classification\ProbabilisticWvmClassifier.cpp">
      <Filter>Source Files</Filter>
    </ClCompile>
  </ItemGroup>
  <ItemGroup>
    <ClInclude Include="Feature_Detection1\Linear\Linear.h">
      <Filter>Header Files</Filter>
    </ClInclude>
    <ClInclude Include="Feature_Detection1\Linear\Tron.h">
      <Filter>Header Files</Filter>
    </ClInclude>
    <ClInclude Include="Feature_Detection1\logging\Appender.hpp">
      <Filter>Header Files</Filter>
    </ClInclude>
    <ClInclude Include="Feature_Detection1\logging\ConsoleAppender.hpp">
      <Filter>Header Files</Filter>
    </ClInclude>
    <ClInclude Include="Feature_Detection1\logging\FileAppender.hpp">
      <Filter>Header Files</Filter>
    </ClInclude>
    <ClInclude Include="Feature_Detection1\logging\Logger.hpp">
      <Filter>Header Files</Filter>
    </ClInclude>
    <ClInclude Include="Feature_Detection1\logging\LoggerFactory.hpp">
      <Filter>Header Files</Filter>
    </ClInclude>
    <ClInclude Include="Feature_Detection1\logging\LogLevels.hpp">
      <Filter>Header Files</Filter>
    </ClInclude>
    <ClInclude Include="Feature_Detection1\Render\Camera.hpp">
      <Filter>Header Files</Filter>
    </ClInclude>
    <ClInclude Include="Feature_Detection1\Render\MatrixUtils.hpp">
      <Filter>Header Files</Filter>
    </ClInclude>
    <ClInclude Include="Feature_Detection1\Render\Mesh.hpp">
      <Filter>Header Files</Filter>
    </ClInclude>
    <ClInclude Include="Feature_Detection1\Render\MeshUtil.hpp">
      <Filter>Header Files</Filter>
    </ClInclude>
    <ClInclude Include="Feature_Detection1\Render\QopenGLRenderer.hpp">
      <Filter>Header Files</Filter>
    </ClInclude>
    <ClInclude Include="Feature_Detection1\Render\SoftwareRenderer.hpp">
      <Filter>Header Files</Filter>
    </ClInclude>
    <ClInclude Include="Feature_Detection1\Render\Texture.hpp">
      <Filter>Header Files</Filter>
    </ClInclude>
    <ClInclude Include="Feature_Detection1\Render\Triangle.hpp">
      <Filter>Header Files</Filter>
    </ClInclude>
    <ClInclude Include="Feature_Detection1\Render\Utils.hpp">
      <Filter>Header Files</Filter>
    </ClInclude>
    <ClInclude Include="Feature_Detection1\Render\Vertex.hpp">
      <Filter>Header Files</Filter>
    </ClInclude>
    <ClInclude Include="Feature_Detection1\Classification\AgeBasedExampleManament.hpp">
      <Filter>Header Files</Filter>
    </ClInclude>
    <ClInclude Include="Feature_Detection1\Classification\BinaryClassifier.hpp">
      <Filter>Header Files</Filter>
    </ClInclude>
    <ClInclude Include="Feature_Detection1\Classification\ConfidenceBasedExampleManagement.hpp">
      <Filter>Header Files</Filter>
    </ClInclude>
    <ClInclude Include="Feature_Detection1\Classification\EmptyExampleManagement.hpp">
      <Filter>Header Files</Filter>
    </ClInclude>
    <ClInclude Include="Feature_Detection1\Classification\ExampleManagement.hpp">
      <Filter>Header Files</Filter>
    </ClInclude>
    <ClInclude Include="Feature_Detection1\Classification\FixedTrainableProbabilisticClassifier.hpp">
      <Filter>Header Files</Filter>
    </ClInclude>
    <ClInclude Include="Feature_Detection1\Classification\FrameBasedExampleManagement.hpp">
      <Filter>Header Files</Filter>
    </ClInclude>
    <ClInclude Include="Feature_Detection1\Classification\HistogramIntersectionKernel.hpp">
      <Filter>Header Files</Filter>
    </ClInclude>
    <ClInclude Include="Feature_Detection1\Classification\IImg.hpp">
      <Filter>Header Files</Filter>
    </ClInclude>
    <ClInclude Include="Feature_Detection1\Classification\Kernel.hpp">
      <Filter>Header Files</Filter>
    </ClInclude>
    <ClInclude Include="Feature_Detection1\Classification\KernelVisitor.hpp">
      <Filter>Header Files</Filter>
    </ClInclude>
    <ClInclude Include="Feature_Detection1\Classification\LinearKernel.hpp">
      <Filter>Header Files</Filter>
    </ClInclude>
    <ClInclude Include="Feature_Detection1\Classification\MatReader.h">
      <Filter>Header Files</Filter>
    </ClInclude>
    <ClInclude Include="Feature_Detection1\Classification\PolynomialKernel.hpp">
      <Filter>Header Files</Filter>
    </ClInclude>
    <ClInclude Include="Feature_Detection1\Classification\ProbabilisticClassifier.hpp">
      <Filter>Header Files</Filter>
    </ClInclude>
    <ClInclude Include="Feature_Detection1\Classification\ProbabilisticSvmClassifier.hpp">
      <Filter>Header Files</Filter>
    </ClInclude>
    <ClInclude Include="Feature_Detection1\Classification\ProbabilisticTwoStageClassifier.hpp">
      <Filter>Header Files</Filter>
    </ClInclude>
    <ClInclude Include="Feature_Detection1\Classification\ProbabilisticWvmClassifier.hpp">
      <Filter>Header Files</Filter>
    </ClInclude>
    <ClInclude Include="Feature_Detection1\Classification\RbfKernel.hpp">
      <Filter>Header Files</Filter>
    </ClInclude>
    <ClInclude Include="Feature_Detection1\Classification\RvmClassifier.hpp">
      <Filter>Header Files</Filter>
    </ClInclude>
    <ClInclude Include="Feature_Detection1\Classification\RvmProbabilisticClassifier.hpp">
      <Filter>Header Files</Filter>
    </ClInclude>
    <ClInclude Include="Feature_Detection1\Classification\SvmClassifier.hpp">
      <Filter>Header Files</Filter>
    </ClInclude>
    <ClInclude Include="Feature_Detection1\Classification\TrainableBinaryClassifier.hpp">
      <Filter>Header Files</Filter>
    </ClInclude>
    <ClInclude Include="Feature_Detection1\Classification\TrainableClassifier.hpp">
      <Filter>Header Files</Filter>
    </ClInclude>
    <ClInclude Include="Feature_Detection1\Classification\TrainableProbabilisticClassifier.hpp">
      <Filter>Header Files</Filter>
    </ClInclude>
    <ClInclude Include="Feature_Detection1\Classification\TrainableProbabilisticSvmClassifier.hpp">
      <Filter>Header Files</Filter>
    </ClInclude>
    <ClInclude Include="Feature_Detection1\Classification\TrainableProbabilisticTwoStageClassifier.hpp">
      <Filter>Header Files</Filter>
    </ClInclude>
    <ClInclude Include="Feature_Detection1\Classification\TrainableSvmClassifier.hpp">
      <Filter>Header Files</Filter>
    </ClInclude>
    <ClInclude Include="Feature_Detection1\Classification\UnlimitedExampleManagement.hpp">
      <Filter>Header Files</Filter>
    </ClInclude>
    <ClInclude Include="Feature_Detection1\Classification\VectorBasedExampleManagement.hpp">
      <Filter>Header Files</Filter>
    </ClInclude>
    <ClInclude Include="Feature_Detection1\Classification\VectorMachineClassifier.hpp">
      <Filter>Header Files</Filter>
    </ClInclude>
    <ClInclude Include="Feature_Detection1\Classification\WvmClassifier.hpp">
      <Filter>Header Files</Filter>
    </ClInclude>
  </ItemGroup>
  <ItemGroup>
    <Image Include="Feature_Detection1\Image\IMG_20230705_143703.jpg">
      <Filter>Resource Files</Filter>
    </Image>
  </ItemGroup>
</Project>